{
  "name": "sl-my-first-npm-package",
  "version": "1.0.0",
  "lockfileVersion": 3,
  "requires": true,
  "packages": {
    "": {
      "name": "sl-my-first-npm-package",
      "version": "1.0.0",
      "license": "ISC",
      "dependencies": {
        "sl-my-first-npm-package": "^1.0.0"
      }
    },
    "node_modules/sl-my-first-npm-package": {
      "version": "1.0.0",
      "resolved": "https://registry.npmjs.org/sl-my-first-npm-package/-/sl-my-first-npm-package-1.0.0.tgz",
      "integrity": "sha512-ZGC9JQLN7knWnjoScziDq3i30G3948qkkLpEzarCMFE5TSA/BQAg+zqtoBSsgkvDMnSedtK0rPlisOGbSajXiQ=="
    }
  }
}
